
Microsoft Visual Studio Solution File, Format Version 12.00
# Visual Studio Version 17
VisualStudioVersion = 17.13.35919.96 d17.13
MinimumVisualStudioVersion = 10.0.40219.1
Project("{FAE04EC0-301F-11D3-BF4B-00C04F79EFBC}") = "TextProcessor", "TextProcessor.csproj", "{BC59094D-F8A9-41EF-802C-EEB559DDB13E}"
EndProject
Global
	GlobalSection(SolutionConfigurationPlatforms) = preSolution
		Debug|Any CPU = Debug|Any CPU
		Release|Any CPU = Release|Any CPU
	EndGlobalSection
	GlobalSection(ProjectConfigurationPlatforms) = postSolution
		{BC59094D-F8A9-41EF-802C-EEB559DDB13E}.Debug|Any CPU.ActiveCfg = Debug|Any CPU
		{BC59094D-F8A9-41EF-802C-EEB559DDB13E}.Debug|Any CPU.Build.0 = Debug|Any CPU
		{BC59094D-F8A9-41EF-802C-EEB559DDB13E}.Release|Any CPU.ActiveCfg = Release|Any CPU
		{BC59094D-F8A9-41EF-802C-EEB559DDB13E}.Release|Any CPU.Build.0 = Release|Any CPU
	EndGlobalSection
	GlobalSection(SolutionProperties) = preSolution
		HideSolutionNode = FALSE
	EndGlobalSection
	GlobalSection(ExtensibilityGlobals) = postSolution
		SolutionGuid = {6AB1387A-D81C-4073-8E75-0A187C8FA8DF}
	EndGlobalSection
EndGlobal
